
Microsoft Visual Studio Solution File, Format Version 12.00
# Visual Studio Version 17
VisualStudioVersion = 17.1.31903.286
MinimumVisualStudioVersion = 10.0.40219.1
Project("{9A19103F-16F7-4668-BE54-9A1E7A4F7556}") = "Course4Me_ServerSide", "Course4Me_ServerSide\Course4Me_ServerSide.csproj", "{C75B9C72-450D-419E-A82A-07D2D5A73032}"
EndProject
Project("{9A19103F-16F7-4668-BE54-9A1E7A4F7556}") = "Course4Me.Logic", "Course4Me.Logic\Course4Me.Logic.csproj", "{219EB834-A091-41C5-978B-5F8624DB35DC}"
EndProject
Global
	GlobalSection(SolutionConfigurationPlatforms) = preSolution
		Debug|Any CPU = Debug|Any CPU
		Release|Any CPU = Release|Any CPU
	EndGlobalSection
	GlobalSection(ProjectConfigurationPlatforms) = postSolution
		{C75B9C72-450D-419E-A82A-07D2D5A73032}.Debug|Any CPU.ActiveCfg = Debug|Any CPU
		{C75B9C72-450D-419E-A82A-07D2D5A73032}.Debug|Any CPU.Build.0 = Debug|Any CPU
		{C75B9C72-450D-419E-A82A-07D2D5A73032}.Release|Any CPU.ActiveCfg = Release|Any CPU
		{C75B9C72-450D-419E-A82A-07D2D5A73032}.Release|Any CPU.Build.0 = Release|Any CPU
		{219EB834-A091-41C5-978B-5F8624DB35DC}.Debug|Any CPU.ActiveCfg = Debug|Any CPU
		{219EB834-A091-41C5-978B-5F8624DB35DC}.Debug|Any CPU.Build.0 = Debug|Any CPU
		{219EB834-A091-41C5-978B-5F8624DB35DC}.Release|Any CPU.ActiveCfg = Release|Any CPU
		{219EB834-A091-41C5-978B-5F8624DB35DC}.Release|Any CPU.Build.0 = Release|Any CPU
	EndGlobalSection
	GlobalSection(SolutionProperties) = preSolution
		HideSolutionNode = FALSE
	EndGlobalSection
	GlobalSection(ExtensibilityGlobals) = postSolution
		SolutionGuid = {1D5903C2-39F6-4D75-B46F-74A0727E5894}
	EndGlobalSection
EndGlobal
